// !$*UTF8*$!
{
	archiveVersion = 1;
	classes = {
	};
	objectVersion = 56;
	objects = {

/* Begin PBXBuildFile section */
		27591C292AD7F86400A0D88E /* AppDelegate.swift in Sources */ = {isa = PBXBuildFile; fileRef = 27591C282AD7F86400A0D88E /* AppDelegate.swift */; };
		27591C2B2AD7F86400A0D88E /* SceneDelegate.swift in Sources */ = {isa = PBXBuildFile; fileRef = 27591C2A2AD7F86400A0D88E /* SceneDelegate.swift */; };
		27591C2D2AD7F86400A0D88E /* MainViewController.swift in Sources */ = {isa = PBXBuildFile; fileRef = 27591C2C2AD7F86400A0D88E /* MainViewController.swift */; };
		27591C332AD7F86400A0D88E /* StudyCaseApp.xcdatamodeld in Sources */ = {isa = PBXBuildFile; fileRef = 27591C312AD7F86400A0D88E /* StudyCaseApp.xcdatamodeld */; };
		27591C352AD7F86500A0D88E /* Assets.xcassets in Resources */ = {isa = PBXBuildFile; fileRef = 27591C342AD7F86500A0D88E /* Assets.xcassets */; };
		27591C382AD7F86500A0D88E /* LaunchScreen.storyboard in Resources */ = {isa = PBXBuildFile; fileRef = 27591C362AD7F86500A0D88E /* LaunchScreen.storyboard */; };
		27591C462AD7F90500A0D88E /* PersonModel.swift in Sources */ = {isa = PBXBuildFile; fileRef = 27591C452AD7F90500A0D88E /* PersonModel.swift */; };
		27591C492AD7F94900A0D88E /* FetchService.swift in Sources */ = {isa = PBXBuildFile; fileRef = 27591C482AD7F94900A0D88E /* FetchService.swift */; };
		27591C4B2AD7F9B900A0D88E /* DataSource.swift in Sources */ = {isa = PBXBuildFile; fileRef = 27591C4A2AD7F9B900A0D88E /* DataSource.swift */; };
/* End PBXBuildFile section */

/* Begin PBXFileReference section */
		27591C252AD7F86400A0D88E /* StudyCaseApp.app */ = {isa = PBXFileReference; explicitFileType = wrapper.application; includeInIndex = 0; path = StudyCaseApp.app; sourceTree = BUILT_PRODUCTS_DIR; };
		27591C282AD7F86400A0D88E /* AppDelegate.swift */ = {isa = PBXFileReference; lastKnownFileType = sourcecode.swift; path = AppDelegate.swift; sourceTree = "<group>"; };
		27591C2A2AD7F86400A0D88E /* SceneDelegate.swift */ = {isa = PBXFileReference; lastKnownFileType = sourcecode.swift; path = SceneDelegate.swift; sourceTree = "<group>"; };
		27591C2C2AD7F86400A0D88E /* MainViewController.swift */ = {isa = PBXFileReference; lastKnownFileType = sourcecode.swift; path = MainViewController.swift; sourceTree = "<group>"; };
		27591C322AD7F86400A0D88E /* StudyCaseApp.xcdatamodel */ = {isa = PBXFileReference; lastKnownFileType = wrapper.xcdatamodel; path = StudyCaseApp.xcdatamodel; sourceTree = "<group>"; };
		27591C342AD7F86500A0D88E /* Assets.xcassets */ = {isa = PBXFileReference; lastKnownFileType = folder.assetcatalog; path = Assets.xcassets; sourceTree = "<group>"; };
		27591C372AD7F86500A0D88E /* Base */ = {isa = PBXFileReference; lastKnownFileType = file.storyboard; name = Base; path = Base.lproj/LaunchScreen.storyboard; sourceTree = "<group>"; };
		27591C392AD7F86500A0D88E /* Info.plist */ = {isa = PBXFileReference; lastKnownFileType = text.plist.xml; path = Info.plist; sourceTree = "<group>"; };
		27591C452AD7F90500A0D88E /* PersonModel.swift */ = {isa = PBXFileReference; lastKnownFileType = sourcecode.swift; path = PersonModel.swift; sourceTree = "<group>"; };
		27591C482AD7F94900A0D88E /* FetchService.swift */ = {isa = PBXFileReference; lastKnownFileType = sourcecode.swift; path = FetchService.swift; sourceTree = "<group>"; };
		27591C4A2AD7F9B900A0D88E /* DataSource.swift */ = {isa = PBXFileReference; lastKnownFileType = sourcecode.swift; path = DataSource.swift; sourceTree = "<group>"; };
/* End PBXFileReference section */

/* Begin PBXFrameworksBuildPhase section */
		27591C222AD7F86400A0D88E /* Frameworks */ = {
			isa = PBXFrameworksBuildPhase;
			buildActionMask = 2147483647;
			files = (
			);
			runOnlyForDeploymentPostprocessing = 0;
		};
/* End PBXFrameworksBuildPhase section */

/* Begin PBXGroup section */
		27591C1C2AD7F86400A0D88E = {
			isa = PBXGroup;
			children = (
				27591C272AD7F86400A0D88E /* StudyCaseApp */,
				27591C262AD7F86400A0D88E /* Products */,
			);
			sourceTree = "<group>";
		};
		27591C262AD7F86400A0D88E /* Products */ = {
			isa = PBXGroup;
			children = (
				27591C252AD7F86400A0D88E /* StudyCaseApp.app */,
			);
			name = Products;
			sourceTree = "<group>";
		};
		27591C272AD7F86400A0D88E /* StudyCaseApp */ = {
			isa = PBXGroup;
			children = (
				27591C432AD7F8D700A0D88E /* Resources */,
				27591C422AD7F8D000A0D88E /* Network */,
				27591C412AD7F8CB00A0D88E /* ViewModel */,
				27591C402AD7F8BB00A0D88E /* View */,
				27591C3F2AD7F8B500A0D88E /* Model */,
				27591C342AD7F86500A0D88E /* Assets.xcassets */,
				27591C362AD7F86500A0D88E /* LaunchScreen.storyboard */,
				27591C392AD7F86500A0D88E /* Info.plist */,
				27591C312AD7F86400A0D88E /* StudyCaseApp.xcdatamodeld */,
			);
			path = StudyCaseApp;
			sourceTree = "<group>";
		};
		27591C3F2AD7F8B500A0D88E /* Model */ = {
			isa = PBXGroup;
			children = (
				27591C452AD7F90500A0D88E /* PersonModel.swift */,
			);
			path = Model;
			sourceTree = "<group>";
		};
		27591C402AD7F8BB00A0D88E /* View */ = {
			isa = PBXGroup;
			children = (
				27591C442AD7F8ED00A0D88E /* MainView */,
			);
			path = View;
			sourceTree = "<group>";
		};
		27591C412AD7F8CB00A0D88E /* ViewModel */ = {
			isa = PBXGroup;
			children = (
			);
			path = ViewModel;
			sourceTree = "<group>";
		};
		27591C422AD7F8D000A0D88E /* Network */ = {
			isa = PBXGroup;
			children = (
				27591C482AD7F94900A0D88E /* FetchService.swift */,
			);
			path = Network;
			sourceTree = "<group>";
		};
		27591C432AD7F8D700A0D88E /* Resources */ = {
			isa = PBXGroup;
			children = (
				27591C282AD7F86400A0D88E /* AppDelegate.swift */,
				27591C2A2AD7F86400A0D88E /* SceneDelegate.swift */,
				27591C4A2AD7F9B900A0D88E /* DataSource.swift */,
			);
			path = Resources;
			sourceTree = "<group>";
		};
		27591C442AD7F8ED00A0D88E /* MainView */ = {
			isa = PBXGroup;
			children = (
				27591C2C2AD7F86400A0D88E /* MainViewController.swift */,
			);
			path = MainView;
			sourceTree = "<group>";
		};
/* End PBXGroup section */

/* Begin PBXNativeTarget section */
		27591C242AD7F86400A0D88E /* StudyCaseApp */ = {
			isa = PBXNativeTarget;
			buildConfigurationList = 27591C3C2AD7F86500A0D88E /* Build configuration list for PBXNativeTarget "StudyCaseApp" */;
			buildPhases = (
				27591C212AD7F86400A0D88E /* Sources */,
				27591C222AD7F86400A0D88E /* Frameworks */,
				27591C232AD7F86400A0D88E /* Resources */,
			);
			buildRules = (
			);
			dependencies = (
			);
			name = StudyCaseApp;
			productName = StudyCaseApp;
			productReference = 27591C252AD7F86400A0D88E /* StudyCaseApp.app */;
			productType = "com.apple.product-type.application";
		};
/* End PBXNativeTarget section */

/* Begin PBXProject section */
		27591C1D2AD7F86400A0D88E /* Project object */ = {
			isa = PBXProject;
			attributes = {
				BuildIndependentTargetsInParallel = 1;
				LastSwiftUpdateCheck = 1430;
				LastUpgradeCheck = 1430;
				TargetAttributes = {
					27591C242AD7F86400A0D88E = {
						CreatedOnToolsVersion = 14.3.1;
					};
				};
			};
			buildConfigurationList = 27591C202AD7F86400A0D88E /* Build configuration list for PBXProject "StudyCaseApp" */;
			compatibilityVersion = "Xcode 14.0";
			developmentRegion = en;
			hasScannedForEncodings = 0;
			knownRegions = (
				en,
				Base,
			);
			mainGroup = 27591C1C2AD7F86400A0D88E;
			productRefGroup = 27591C262AD7F86400A0D88E /* Products */;
			projectDirPath = "";
			projectRoot = "";
			targets = (
				27591C242AD7F86400A0D88E /* StudyCaseApp */,
			);
		};
/* End PBXProject section */

/* Begin PBXResourcesBuildPhase section */
		27591C232AD7F86400A0D88E /* Resources */ = {
			isa = PBXResourcesBuildPhase;
			buildActionMask = 2147483647;
			files = (
				27591C382AD7F86500A0D88E /* LaunchScreen.storyboard in Resources */,
				27591C352AD7F86500A0D88E /* Assets.xcassets in Resources */,
			);
			runOnlyForDeploymentPostprocessing = 0;
		};
/* End PBXResourcesBuildPhase section */

/* Begin PBXSourcesBuildPhase section */
		27591C212AD7F86400A0D88E /* Sources */ = {
			isa = PBXSourcesBuildPhase;
			buildActionMask = 2147483647;
			files = (
				27591C4B2AD7F9B900A0D88E /* DataSource.swift in Sources */,
				27591C2D2AD7F86400A0D88E /* MainViewController.swift in Sources */,
				27591C292AD7F86400A0D88E /* AppDelegate.swift in Sources */,
				27591C462AD7F90500A0D88E /* PersonModel.swift in Sources */,
				27591C2B2AD7F86400A0D88E /* SceneDelegate.swift in Sources */,
				27591C332AD7F86400A0D88E /* StudyCaseApp.xcdatamodeld in Sources */,
				27591C492AD7F94900A0D88E /* FetchService.swift in Sources */,
			);
			runOnlyForDeploymentPostprocessing = 0;
		};
/* End PBXSourcesBuildPhase section */

/* Begin PBXVariantGroup section */
		27591C362AD7F86500A0D88E /* LaunchScreen.storyboard */ = {
			isa = PBXVariantGroup;
			children = (
				27591C372AD7F86500A0D88E /* Base */,
			);
			name = LaunchScreen.storyboard;
			sourceTree = "<group>";
		};
/* End PBXVariantGroup section */

/* Begin XCBuildConfiguration section */
		27591C3A2AD7F86500A0D88E /* Debug */ = {
			isa = XCBuildConfiguration;
			buildSettings = {
				ALWAYS_SEARCH_USER_PATHS = NO;
				CLANG_ANALYZER_NONNULL = YES;
				CLANG_ANALYZER_NUMBER_OBJECT_CONVERSION = YES_AGGRESSIVE;
				CLANG_CXX_LANGUAGE_STANDARD = "gnu++20";
				CLANG_ENABLE_MODULES = YES;
				CLANG_ENABLE_OBJC_ARC = YES;
				CLANG_ENABLE_OBJC_WEAK = YES;
				CLANG_WARN_BLOCK_CAPTURE_AUTORELEASING = YES;
				CLANG_WARN_BOOL_CONVERSION = YES;
				CLANG_WARN_COMMA = YES;
				CLANG_WARN_CONSTANT_CONVERSION = YES;
				CLANG_WARN_DEPRECATED_OBJC_IMPLEMENTATIONS = YES;
				CLANG_WARN_DIRECT_OBJC_ISA_USAGE = YES_ERROR;
				CLANG_WARN_DOCUMENTATION_COMMENTS = YES;
				CLANG_WARN_EMPTY_BODY = YES;
				CLANG_WARN_ENUM_CONVERSION = YES;
				CLANG_WARN_INFINITE_RECURSION = YES;
				CLANG_WARN_INT_CONVERSION = YES;
				CLANG_WARN_NON_LITERAL_NULL_CONVERSION = YES;
				CLANG_WARN_OBJC_IMPLICIT_RETAIN_SELF = YES;
				CLANG_WARN_OBJC_LITERAL_CONVERSION = YES;
				CLANG_WARN_OBJC_ROOT_CLASS = YES_ERROR;
				CLANG_WARN_QUOTED_INCLUDE_IN_FRAMEWORK_HEADER = YES;
				CLANG_WARN_RANGE_LOOP_ANALYSIS = YES;
				CLANG_WARN_STRICT_PROTOTYPES = YES;
				CLANG_WARN_SUSPICIOUS_MOVE = YES;
				CLANG_WARN_UNGUARDED_AVAILABILITY = YES_AGGRESSIVE;
				CLANG_WARN_UNREACHABLE_CODE = YES;
				CLANG_WARN__DUPLICATE_METHOD_MATCH = YES;
				COPY_PHASE_STRIP = NO;
				DEBUG_INFORMATION_FORMAT = dwarf;
				ENABLE_STRICT_OBJC_MSGSEND = YES;
				ENABLE_TESTABILITY = YES;
				GCC_C_LANGUAGE_STANDARD = gnu11;
				GCC_DYNAMIC_NO_PIC = NO;
				GCC_NO_COMMON_BLOCKS = YES;
				GCC_OPTIMIZATION_LEVEL = 0;
				GCC_PREPROCESSOR_DEFINITIONS = (
					"DEBUG=1",
					"$(inherited)",
				);
				GCC_WARN_64_TO_32_BIT_CONVERSION = YES;
				GCC_WARN_ABOUT_RETURN_TYPE = YES_ERROR;
				GCC_WARN_UNDECLARED_SELECTOR = YES;
				GCC_WARN_UNINITIALIZED_AUTOS = YES_AGGRESSIVE;
				GCC_WARN_UNUSED_FUNCTION = YES;
				GCC_WARN_UNUSED_VARIABLE = YES;
				IPHONEOS_DEPLOYMENT_TARGET = 16.4;
				MTL_ENABLE_DEBUG_INFO = INCLUDE_SOURCE;
				MTL_FAST_MATH = YES;
				ONLY_ACTIVE_ARCH = YES;
				SDKROOT = iphoneos;
				SWIFT_ACTIVE_COMPILATION_CONDITIONS = DEBUG;
				SWIFT_OPTIMIZATION_LEVEL = "-Onone";
			};
			name = Debug;
		};
		27591C3B2AD7F86500A0D88E /* Release */ = {
			isa = XCBuildConfiguration;
			buildSettings = {
				ALWAYS_SEARCH_USER_PATHS = NO;
				CLANG_ANALYZER_NONNULL = YES;
				CLANG_ANALYZER_NUMBER_OBJECT_CONVERSION = YES_AGGRESSIVE;
				CLANG_CXX_LANGUAGE_STANDARD = "gnu++20";
				CLANG_ENABLE_MODULES = YES;
				CLANG_ENABLE_OBJC_ARC = YES;
				CLANG_ENABLE_OBJC_WEAK = YES;
				CLANG_WARN_BLOCK_CAPTURE_AUTORELEASING = YES;
				CLANG_WARN_BOOL_CONVERSION = YES;
				CLANG_WARN_COMMA = YES;
				CLANG_WARN_CONSTANT_CONVERSION = YES;
				CLANG_WARN_DEPRECATED_OBJC_IMPLEMENTATIONS = YES;
				CLANG_WARN_DIRECT_OBJC_ISA_USAGE = YES_ERROR;
				CLANG_WARN_DOCUMENTATION_COMMENTS = YES;
				CLANG_WARN_EMPTY_BODY = YES;
				CLANG_WARN_ENUM_CONVERSION = YES;
				CLANG_WARN_INFINITE_RECURSION = YES;
				CLANG_WARN_INT_CONVERSION = YES;
				CLANG_WARN_NON_LITERAL_NULL_CONVERSION = YES;
				CLANG_WARN_OBJC_IMPLICIT_RETAIN_SELF = YES;
				CLANG_WARN_OBJC_LITERAL_CONVERSION = YES;
				CLANG_WARN_OBJC_ROOT_CLASS = YES_ERROR;
				CLANG_WARN_QUOTED_INCLUDE_IN_FRAMEWORK_HEADER = YES;
				CLANG_WARN_RANGE_LOOP_ANALYSIS = YES;
				CLANG_WARN_STRICT_PROTOTYPES = YES;
				CLANG_WARN_SUSPICIOUS_MOVE = YES;
				CLANG_WARN_UNGUARDED_AVAILABILITY = YES_AGGRESSIVE;
				CLANG_WARN_UNREACHABLE_CODE = YES;
				CLANG_WARN__DUPLICATE_METHOD_MATCH = YES;
				COPY_PHASE_STRIP = NO;
				DEBUG_INFORMATION_FORMAT = "dwarf-with-dsym";
				ENABLE_NS_ASSERTIONS = NO;
				ENABLE_STRICT_OBJC_MSGSEND = YES;
				GCC_C_LANGUAGE_STANDARD = gnu11;
				GCC_NO_COMMON_BLOCKS = YES;
				GCC_WARN_64_TO_32_BIT_CONVERSION = YES;
				GCC_WARN_ABOUT_RETURN_TYPE = YES_ERROR;
				GCC_WARN_UNDECLARED_SELECTOR = YES;
				GCC_WARN_UNINITIALIZED_AUTOS = YES_AGGRESSIVE;
				GCC_WARN_UNUSED_FUNCTION = YES;
				GCC_WARN_UNUSED_VARIABLE = YES;
				IPHONEOS_DEPLOYMENT_TARGET = 16.4;
				MTL_ENABLE_DEBUG_INFO = NO;
				MTL_FAST_MATH = YES;
				SDKROOT = iphoneos;
				SWIFT_COMPILATION_MODE = wholemodule;
				SWIFT_OPTIMIZATION_LEVEL = "-O";
				VALIDATE_PRODUCT = YES;
			};
			name = Release;
		};
		27591C3D2AD7F86500A0D88E /* Debug */ = {
			isa = XCBuildConfiguration;
			buildSettings = {
				ASSETCATALOG_COMPILER_APPICON_NAME = AppIcon;
				ASSETCATALOG_COMPILER_GLOBAL_ACCENT_COLOR_NAME = AccentColor;
				CODE_SIGN_STYLE = Automatic;
				CURRENT_PROJECT_VERSION = 1;
				DEVELOPMENT_TEAM = VS6N5DBC8A;
				GENERATE_INFOPLIST_FILE = YES;
				INFOPLIST_FILE = StudyCaseApp/Info.plist;
				INFOPLIST_KEY_UIApplicationSupportsIndirectInputEvents = YES;
				INFOPLIST_KEY_UILaunchStoryboardName = LaunchScreen;
				INFOPLIST_KEY_UISupportedInterfaceOrientations_iPad = "UIInterfaceOrientationPortrait UIInterfaceOrientationPortraitUpsideDown UIInterfaceOrientationLandscapeLeft UIInterfaceOrientationLandscapeRight";
				INFOPLIST_KEY_UISupportedInterfaceOrientations_iPhone = "UIInterfaceOrientationPortrait UIInterfaceOrientationLandscapeLeft UIInterfaceOrientationLandscapeRight";
				LD_RUNPATH_SEARCH_PATHS = (
					"$(inherited)",
					"@executable_path/Frameworks",
				);
				MARKETING_VERSION = 1.0;
				PRODUCT_BUNDLE_IDENTIFIER = com.kaangokcek.StudyCaseApp;
				PRODUCT_NAME = "$(TARGET_NAME)";
				SWIFT_EMIT_LOC_STRINGS = YES;
				SWIFT_VERSION = 5.0;
				TARGETED_DEVICE_FAMILY = "1,2";
			};
			name = Debug;
		};
		27591C3E2AD7F86500A0D88E /* Release */ = {
			isa = XCBuildConfiguration;
			buildSettings = {
				ASSETCATALOG_COMPILER_APPICON_NAME = AppIcon;
				ASSETCATALOG_COMPILER_GLOBAL_ACCENT_COLOR_NAME = AccentColor;
				CODE_SIGN_STYLE = Automatic;
				CURRENT_PROJECT_VERSION = 1;
				DEVELOPMENT_TEAM = VS6N5DBC8A;
				GENERATE_INFOPLIST_FILE = YES;
				INFOPLIST_FILE = StudyCaseApp/Info.plist;
				INFOPLIST_KEY_UIApplicationSupportsIndirectInputEvents = YES;
				INFOPLIST_KEY_UILaunchStoryboardName = LaunchScreen;
				INFOPLIST_KEY_UISupportedInterfaceOrientations_iPad = "UIInterfaceOrientationPortrait UIInterfaceOrientationPortraitUpsideDown UIInterfaceOrientationLandscapeLeft UIInterfaceOrientationLandscapeRight";
				INFOPLIST_KEY_UISupportedInterfaceOrientations_iPhone = "UIInterfaceOrientationPortrait UIInterfaceOrientationLandscapeLeft UIInterfaceOrientationLandscapeRight";
				LD_RUNPATH_SEARCH_PATHS = (
					"$(inherited)",
					"@executable_path/Frameworks",
				);
				MARKETING_VERSION = 1.0;
				PRODUCT_BUNDLE_IDENTIFIER = com.kaangokcek.StudyCaseApp;
				PRODUCT_NAME = "$(TARGET_NAME)";
				SWIFT_EMIT_LOC_STRINGS = YES;
				SWIFT_VERSION = 5.0;
				TARGETED_DEVICE_FAMILY = "1,2";
			};
			name = Release;
		};
/* End XCBuildConfiguration section */

/* Begin XCConfigurationList section */
		27591C202AD7F86400A0D88E /* Build configuration list for PBXProject "StudyCaseApp" */ = {
			isa = XCConfigurationList;
			buildConfigurations = (
				27591C3A2AD7F86500A0D88E /* Debug */,
				27591C3B2AD7F86500A0D88E /* Release */,
			);
			defaultConfigurationIsVisible = 0;
			defaultConfigurationName = Release;
		};
		27591C3C2AD7F86500A0D88E /* Build configuration list for PBXNativeTarget "StudyCaseApp" */ = {
			isa = XCConfigurationList;
			buildConfigurations = (
				27591C3D2AD7F86500A0D88E /* Debug */,
				27591C3E2AD7F86500A0D88E /* Release */,
			);
			defaultConfigurationIsVisible = 0;
			defaultConfigurationName = Release;
		};
/* End XCConfigurationList section */

/* Begin XCVersionGroup section */
		27591C312AD7F86400A0D88E /* StudyCaseApp.xcdatamodeld */ = {
			isa = XCVersionGroup;
			children = (
				27591C322AD7F86400A0D88E /* StudyCaseApp.xcdatamodel */,
			);
			currentVersion = 27591C322AD7F86400A0D88E /* StudyCaseApp.xcdatamodel */;
			path = StudyCaseApp.xcdatamodeld;
			sourceTree = "<group>";
			versionGroupType = wrapper.xcdatamodel;
		};
/* End XCVersionGroup section */
	};
	rootObject = 27591C1D2AD7F86400A0D88E /* Project object */;
}
